
Microsoft Visual Studio Solution File, Format Version 12.00
# Visual Studio Version 16
VisualStudioVersion = 16.0.31025.194
MinimumVisualStudioVersion = 10.0.40219.1
Project("{FAE04EC0-301F-11D3-BF4B-00C04F79EFBC}") = "WiredBrainCoffee.SpecialCases", "WiredBrainCoffee.SpecialCases\WiredBrainCoffee.SpecialCases.csproj", "{C3FA51E8-BBED-48C1-89F1-DBF20511E4B9}"
EndProject
Global
	GlobalSection(SolutionConfigurationPlatforms) = preSolution
		Debug|Any CPU = Debug|Any CPU
		Release|Any CPU = Release|Any CPU
	EndGlobalSection
	GlobalSection(ProjectConfigurationPlatforms) = postSolution
		{C3FA51E8-BBED-48C1-89F1-DBF20511E4B9}.Debug|Any CPU.ActiveCfg = Debug|Any CPU
		{C3FA51E8-BBED-48C1-89F1-DBF20511E4B9}.Debug|Any CPU.Build.0 = Debug|Any CPU
		{C3FA51E8-BBED-48C1-89F1-DBF20511E4B9}.Release|Any CPU.ActiveCfg = Release|Any CPU
		{C3FA51E8-BBED-48C1-89F1-DBF20511E4B9}.Release|Any CPU.Build.0 = Release|Any CPU
	EndGlobalSection
	GlobalSection(SolutionProperties) = preSolution
		HideSolutionNode = FALSE
	EndGlobalSection
	GlobalSection(ExtensibilityGlobals) = postSolution
		SolutionGuid = {BAB8CA2C-F5E8-4D65-9453-83546C7ADFF1}
	EndGlobalSection
EndGlobal
