
Microsoft Visual Studio Solution File, Format Version 12.00
# Visual Studio Version 16
VisualStudioVersion = 16.0.31129.286
MinimumVisualStudioVersion = 10.0.40219.1
Project("{FAE04EC0-301F-11D3-BF4B-00C04F79EFBC}") = "SimpleToDoApp", "SimpleToDoApp\SimpleToDoApp.csproj", "{076D3F11-0E5C-46F9-B323-D528622A162B}"
EndProject
Global
	GlobalSection(SolutionConfigurationPlatforms) = preSolution
		Debug|Any CPU = Debug|Any CPU
		Release|Any CPU = Release|Any CPU
	EndGlobalSection
	GlobalSection(ProjectConfigurationPlatforms) = postSolution
		{076D3F11-0E5C-46F9-B323-D528622A162B}.Debug|Any CPU.ActiveCfg = Debug|Any CPU
		{076D3F11-0E5C-46F9-B323-D528622A162B}.Debug|Any CPU.Build.0 = Debug|Any CPU
		{076D3F11-0E5C-46F9-B323-D528622A162B}.Release|Any CPU.ActiveCfg = Release|Any CPU
		{076D3F11-0E5C-46F9-B323-D528622A162B}.Release|Any CPU.Build.0 = Release|Any CPU
	EndGlobalSection
	GlobalSection(SolutionProperties) = preSolution
		HideSolutionNode = FALSE
	EndGlobalSection
	GlobalSection(ExtensibilityGlobals) = postSolution
		SolutionGuid = {F9FEEA8F-7988-4207-A811-5FE363D09B3E}
	EndGlobalSection
EndGlobal
